
Microsoft Visual Studio Solution File, Format Version 12.00
# Visual Studio Version 17
VisualStudioVersion = 17.9.34622.214
MinimumVisualStudioVersion = 10.0.40219.1
Project("{FAE04EC0-301F-11D3-BF4B-00C04F79EFBC}") = "gyakorlat", "gyakorlat\gyakorlat.csproj", "{51877D44-38C7-4E8A-9B0D-E226BCDD0A5C}"
EndProject
Project("{FAE04EC0-301F-11D3-BF4B-00C04F79EFBC}") = "ifsFraktal", "ifsFraktal\ifsFraktal.csproj", "{8C3E6F80-5DBC-41B2-B29B-85C772617214}"
EndProject
Global
	GlobalSection(SolutionConfigurationPlatforms) = preSolution
		Debug|Any CPU = Debug|Any CPU
		Release|Any CPU = Release|Any CPU
	EndGlobalSection
	GlobalSection(ProjectConfigurationPlatforms) = postSolution
		{51877D44-38C7-4E8A-9B0D-E226BCDD0A5C}.Debug|Any CPU.ActiveCfg = Debug|Any CPU
		{51877D44-38C7-4E8A-9B0D-E226BCDD0A5C}.Debug|Any CPU.Build.0 = Debug|Any CPU
		{51877D44-38C7-4E8A-9B0D-E226BCDD0A5C}.Release|Any CPU.ActiveCfg = Release|Any CPU
		{51877D44-38C7-4E8A-9B0D-E226BCDD0A5C}.Release|Any CPU.Build.0 = Release|Any CPU
		{8C3E6F80-5DBC-41B2-B29B-85C772617214}.Debug|Any CPU.ActiveCfg = Debug|Any CPU
		{8C3E6F80-5DBC-41B2-B29B-85C772617214}.Debug|Any CPU.Build.0 = Debug|Any CPU
		{8C3E6F80-5DBC-41B2-B29B-85C772617214}.Release|Any CPU.ActiveCfg = Release|Any CPU
		{8C3E6F80-5DBC-41B2-B29B-85C772617214}.Release|Any CPU.Build.0 = Release|Any CPU
	EndGlobalSection
	GlobalSection(SolutionProperties) = preSolution
		HideSolutionNode = FALSE
	EndGlobalSection
	GlobalSection(ExtensibilityGlobals) = postSolution
		SolutionGuid = {9AFA800A-4956-44DE-A5D1-390F5F9B01F3}
	EndGlobalSection
EndGlobal
