
Microsoft Visual Studio Solution File, Format Version 12.00
# Visual Studio Version 17
VisualStudioVersion = 17.6.33815.320
MinimumVisualStudioVersion = 10.0.40219.1
Project("{9A19103F-16F7-4668-BE54-9A1E7A4F7556}") = "szoft_02", "szoft_02\szoft_02.csproj", "{4EC8AEFD-62D9-4A94-B4BB-FE6F1BC439A8}"
EndProject
Project("{9A19103F-16F7-4668-BE54-9A1E7A4F7556}") = "SzorzoTabla", "SzorzoTabla\SzorzoTabla.csproj", "{FC530599-7277-4763-B77B-E56BD72D33D3}"
EndProject
Project("{9A19103F-16F7-4668-BE54-9A1E7A4F7556}") = "fibonacci", "fibonacci\fibonacci.csproj", "{5C8298FA-828D-4639-A8FD-5D94A002DF4E}"
EndProject
Project("{9A19103F-16F7-4668-BE54-9A1E7A4F7556}") = "PascalHaromszog", "PascalHaromszog\PascalHaromszog.csproj", "{94B058A6-DC60-45AD-AA4C-397AA78304AE}"
EndProject
Project("{9A19103F-16F7-4668-BE54-9A1E7A4F7556}") = "AdatokRacsban", "AdatokRacsban\AdatokRacsban.csproj", "{42AA903F-E5BF-4BAB-AC10-6B4B8F57B097}"
EndProject
Project("{9A19103F-16F7-4668-BE54-9A1E7A4F7556}") = "harmadikGyak", "harmadikGyak\harmadikGyak.csproj", "{526174B7-2FF6-4FBC-B304-1911BD70BBB8}"
EndProject
Project("{9A19103F-16F7-4668-BE54-9A1E7A4F7556}") = "randomSzar", "randomSzar\randomSzar.csproj", "{26CA3D6F-4936-4B74-AB70-D36CDE490723}"
EndProject
Project("{9A19103F-16F7-4668-BE54-9A1E7A4F7556}") = "otosFeladat", "otosFeladat\otosFeladat.csproj", "{434853E1-9C7D-4263-861F-6A954827D8B4}"
EndProject
Project("{FAE04EC0-301F-11D3-BF4B-00C04F79EFBC}") = "xdl", "xdl\xdl.csproj", "{86A359EE-2A1F-43F7-B68A-25C74690143E}"
EndProject
Global
	GlobalSection(SolutionConfigurationPlatforms) = preSolution
		Debug|Any CPU = Debug|Any CPU
		Release|Any CPU = Release|Any CPU
	EndGlobalSection
	GlobalSection(ProjectConfigurationPlatforms) = postSolution
		{4EC8AEFD-62D9-4A94-B4BB-FE6F1BC439A8}.Debug|Any CPU.ActiveCfg = Debug|Any CPU
		{4EC8AEFD-62D9-4A94-B4BB-FE6F1BC439A8}.Debug|Any CPU.Build.0 = Debug|Any CPU
		{4EC8AEFD-62D9-4A94-B4BB-FE6F1BC439A8}.Release|Any CPU.ActiveCfg = Release|Any CPU
		{4EC8AEFD-62D9-4A94-B4BB-FE6F1BC439A8}.Release|Any CPU.Build.0 = Release|Any CPU
		{FC530599-7277-4763-B77B-E56BD72D33D3}.Debug|Any CPU.ActiveCfg = Debug|Any CPU
		{FC530599-7277-4763-B77B-E56BD72D33D3}.Debug|Any CPU.Build.0 = Debug|Any CPU
		{FC530599-7277-4763-B77B-E56BD72D33D3}.Release|Any CPU.ActiveCfg = Release|Any CPU
		{FC530599-7277-4763-B77B-E56BD72D33D3}.Release|Any CPU.Build.0 = Release|Any CPU
		{5C8298FA-828D-4639-A8FD-5D94A002DF4E}.Debug|Any CPU.ActiveCfg = Debug|Any CPU
		{5C8298FA-828D-4639-A8FD-5D94A002DF4E}.Debug|Any CPU.Build.0 = Debug|Any CPU
		{5C8298FA-828D-4639-A8FD-5D94A002DF4E}.Release|Any CPU.ActiveCfg = Release|Any CPU
		{5C8298FA-828D-4639-A8FD-5D94A002DF4E}.Release|Any CPU.Build.0 = Release|Any CPU
		{94B058A6-DC60-45AD-AA4C-397AA78304AE}.Debug|Any CPU.ActiveCfg = Debug|Any CPU
		{94B058A6-DC60-45AD-AA4C-397AA78304AE}.Debug|Any CPU.Build.0 = Debug|Any CPU
		{94B058A6-DC60-45AD-AA4C-397AA78304AE}.Release|Any CPU.ActiveCfg = Release|Any CPU
		{94B058A6-DC60-45AD-AA4C-397AA78304AE}.Release|Any CPU.Build.0 = Release|Any CPU
		{42AA903F-E5BF-4BAB-AC10-6B4B8F57B097}.Debug|Any CPU.ActiveCfg = Debug|Any CPU
		{42AA903F-E5BF-4BAB-AC10-6B4B8F57B097}.Debug|Any CPU.Build.0 = Debug|Any CPU
		{42AA903F-E5BF-4BAB-AC10-6B4B8F57B097}.Release|Any CPU.ActiveCfg = Release|Any CPU
		{42AA903F-E5BF-4BAB-AC10-6B4B8F57B097}.Release|Any CPU.Build.0 = Release|Any CPU
		{526174B7-2FF6-4FBC-B304-1911BD70BBB8}.Debug|Any CPU.ActiveCfg = Debug|Any CPU
		{526174B7-2FF6-4FBC-B304-1911BD70BBB8}.Debug|Any CPU.Build.0 = Debug|Any CPU
		{526174B7-2FF6-4FBC-B304-1911BD70BBB8}.Release|Any CPU.ActiveCfg = Release|Any CPU
		{526174B7-2FF6-4FBC-B304-1911BD70BBB8}.Release|Any CPU.Build.0 = Release|Any CPU
		{26CA3D6F-4936-4B74-AB70-D36CDE490723}.Debug|Any CPU.ActiveCfg = Debug|Any CPU
		{26CA3D6F-4936-4B74-AB70-D36CDE490723}.Debug|Any CPU.Build.0 = Debug|Any CPU
		{26CA3D6F-4936-4B74-AB70-D36CDE490723}.Release|Any CPU.ActiveCfg = Release|Any CPU
		{26CA3D6F-4936-4B74-AB70-D36CDE490723}.Release|Any CPU.Build.0 = Release|Any CPU
		{434853E1-9C7D-4263-861F-6A954827D8B4}.Debug|Any CPU.ActiveCfg = Debug|Any CPU
		{434853E1-9C7D-4263-861F-6A954827D8B4}.Debug|Any CPU.Build.0 = Debug|Any CPU
		{434853E1-9C7D-4263-861F-6A954827D8B4}.Release|Any CPU.ActiveCfg = Release|Any CPU
		{434853E1-9C7D-4263-861F-6A954827D8B4}.Release|Any CPU.Build.0 = Release|Any CPU
		{86A359EE-2A1F-43F7-B68A-25C74690143E}.Debug|Any CPU.ActiveCfg = Debug|Any CPU
		{86A359EE-2A1F-43F7-B68A-25C74690143E}.Debug|Any CPU.Build.0 = Debug|Any CPU
		{86A359EE-2A1F-43F7-B68A-25C74690143E}.Release|Any CPU.ActiveCfg = Release|Any CPU
		{86A359EE-2A1F-43F7-B68A-25C74690143E}.Release|Any CPU.Build.0 = Release|Any CPU
	EndGlobalSection
	GlobalSection(SolutionProperties) = preSolution
		HideSolutionNode = FALSE
	EndGlobalSection
	GlobalSection(ExtensibilityGlobals) = postSolution
		SolutionGuid = {41EE1B0F-6554-4DC4-B731-9378C65DC44F}
	EndGlobalSection
EndGlobal
