
Microsoft Visual Studio Solution File, Format Version 12.00
# Visual Studio Version 17
VisualStudioVersion = 17.6.33815.320
MinimumVisualStudioVersion = 10.0.40219.1
Project("{9A19103F-16F7-4668-BE54-9A1E7A4F7556}") = "szoft_02", "szoft_02\szoft_02.csproj", "{4EC8AEFD-62D9-4A94-B4BB-FE6F1BC439A8}"
EndProject
Project("{9A19103F-16F7-4668-BE54-9A1E7A4F7556}") = "SzorzoTabla", "SzorzoTabla\SzorzoTabla.csproj", "{FC530599-7277-4763-B77B-E56BD72D33D3}"
EndProject
Project("{9A19103F-16F7-4668-BE54-9A1E7A4F7556}") = "fibonacci", "fibonacci\fibonacci.csproj", "{5C8298FA-828D-4639-A8FD-5D94A002DF4E}"
EndProject
Project("{9A19103F-16F7-4668-BE54-9A1E7A4F7556}") = "PascalHaromszog", "PascalHaromszog\PascalHaromszog.csproj", "{94B058A6-DC60-45AD-AA4C-397AA78304AE}"
EndProject
Project("{9A19103F-16F7-4668-BE54-9A1E7A4F7556}") = "AdatokRacsban", "AdatokRacsban\AdatokRacsban.csproj", "{42AA903F-E5BF-4BAB-AC10-6B4B8F57B097}"
EndProject
Project("{9A19103F-16F7-4668-BE54-9A1E7A4F7556}") = "harmadikGyak", "harmadikGyak\harmadikGyak.csproj", "{526174B7-2FF6-4FBC-B304-1911BD70BBB8}"
EndProject
Project("{9A19103F-16F7-4668-BE54-9A1E7A4F7556}") = "randomSzar", "randomSzar\randomSzar.csproj", "{26CA3D6F-4936-4B74-AB70-D36CDE490723}"
EndProject
Project("{9A19103F-16F7-4668-BE54-9A1E7A4F7556}") = "otosFeladat", "otosFeladat\otosFeladat.csproj", "{434853E1-9C7D-4263-861F-6A954827D8B4}"
EndProject
Project("{2150E333-8FDC-42A3-9474-1A3956D46DE8}") = "zhElsoGyak", "zhElsoGyak", "{D9034032-DEAE-45CC-B7C4-AB02FA39D11B}"
EndProject
Project("{9A19103F-16F7-4668-BE54-9A1E7A4F7556}") = "elsoOra", "elsoOra\elsoOra.csproj", "{939F3F8D-E7FD-488D-B479-EB13EA234A6B}"
EndProject
Project("{9A19103F-16F7-4668-BE54-9A1E7A4F7556}") = "szorzoTablaGyak", "szorzoTablaGyak\szorzoTablaGyak.csproj", "{D36C1C8E-5C2F-45EE-8D20-32CC31FF3B52}"
EndProject
Project("{9A19103F-16F7-4668-BE54-9A1E7A4F7556}") = "fibonacciSorGyak", "fibonacciSorGyak\fibonacciSorGyak.csproj", "{6006857B-FD23-4240-831B-334BE111FBE6}"
EndProject
Project("{9A19103F-16F7-4668-BE54-9A1E7A4F7556}") = "pascalHaromszogGyak", "pascalHaromszogGyak\pascalHaromszogGyak.csproj", "{1BFD6194-C93A-4204-A047-8172B567D3EA}"
EndProject
Project("{9A19103F-16F7-4668-BE54-9A1E7A4F7556}") = "sakkTabla", "sakkTabla\sakkTabla.csproj", "{5ADFB447-EB4D-43C8-964A-8B30F7AFF052}"
EndProject
Project("{9A19103F-16F7-4668-BE54-9A1E7A4F7556}") = "harmadikElso", "harmadikElso\harmadikElso.csproj", "{D04CB334-40D9-4A68-B5E1-597EEAA931D0}"
EndProject
Project("{9A19103F-16F7-4668-BE54-9A1E7A4F7556}") = "harmadikMasodik", "harmadikMasodik\harmadikMasodik.csproj", "{C6283873-705C-4019-B441-D73796F2B1DA}"
EndProject
Project("{9A19103F-16F7-4668-BE54-9A1E7A4F7556}") = "harmadikHarmadik", "harmadikHarmadik\harmadikHarmadik.csproj", "{6BB8B03E-46E8-4D59-AB56-4AF6D028525E}"
EndProject
Project("{9A19103F-16F7-4668-BE54-9A1E7A4F7556}") = "harmadikHaromszog", "harmadikHaromszog\harmadikHaromszog.csproj", "{5ABA05D1-D521-4FF0-BE78-7B70D5D56DE0}"
EndProject
Project("{9A19103F-16F7-4668-BE54-9A1E7A4F7556}") = "harmadikKaracsonyfa", "harmadikKaracsonyfa\harmadikKaracsonyfa.csproj", "{1ED411B0-2D3F-4203-B009-7BF72CCC013A}"
EndProject
Project("{FAE04EC0-301F-11D3-BF4B-00C04F79EFBC}") = "hatodikGyakorlat", "hatodikGyakorlat\hatodikGyakorlat.csproj", "{DAC5500C-6202-4788-8406-11479E481DF1}"
EndProject
Global
	GlobalSection(SolutionConfigurationPlatforms) = preSolution
		Debug|Any CPU = Debug|Any CPU
		Release|Any CPU = Release|Any CPU
	EndGlobalSection
	GlobalSection(ProjectConfigurationPlatforms) = postSolution
		{4EC8AEFD-62D9-4A94-B4BB-FE6F1BC439A8}.Debug|Any CPU.ActiveCfg = Debug|Any CPU
		{4EC8AEFD-62D9-4A94-B4BB-FE6F1BC439A8}.Debug|Any CPU.Build.0 = Debug|Any CPU
		{4EC8AEFD-62D9-4A94-B4BB-FE6F1BC439A8}.Release|Any CPU.ActiveCfg = Release|Any CPU
		{4EC8AEFD-62D9-4A94-B4BB-FE6F1BC439A8}.Release|Any CPU.Build.0 = Release|Any CPU
		{FC530599-7277-4763-B77B-E56BD72D33D3}.Debug|Any CPU.ActiveCfg = Debug|Any CPU
		{FC530599-7277-4763-B77B-E56BD72D33D3}.Debug|Any CPU.Build.0 = Debug|Any CPU
		{FC530599-7277-4763-B77B-E56BD72D33D3}.Release|Any CPU.ActiveCfg = Release|Any CPU
		{FC530599-7277-4763-B77B-E56BD72D33D3}.Release|Any CPU.Build.0 = Release|Any CPU
		{5C8298FA-828D-4639-A8FD-5D94A002DF4E}.Debug|Any CPU.ActiveCfg = Debug|Any CPU
		{5C8298FA-828D-4639-A8FD-5D94A002DF4E}.Debug|Any CPU.Build.0 = Debug|Any CPU
		{5C8298FA-828D-4639-A8FD-5D94A002DF4E}.Release|Any CPU.ActiveCfg = Release|Any CPU
		{5C8298FA-828D-4639-A8FD-5D94A002DF4E}.Release|Any CPU.Build.0 = Release|Any CPU
		{94B058A6-DC60-45AD-AA4C-397AA78304AE}.Debug|Any CPU.ActiveCfg = Debug|Any CPU
		{94B058A6-DC60-45AD-AA4C-397AA78304AE}.Debug|Any CPU.Build.0 = Debug|Any CPU
		{94B058A6-DC60-45AD-AA4C-397AA78304AE}.Release|Any CPU.ActiveCfg = Release|Any CPU
		{94B058A6-DC60-45AD-AA4C-397AA78304AE}.Release|Any CPU.Build.0 = Release|Any CPU
		{42AA903F-E5BF-4BAB-AC10-6B4B8F57B097}.Debug|Any CPU.ActiveCfg = Debug|Any CPU
		{42AA903F-E5BF-4BAB-AC10-6B4B8F57B097}.Debug|Any CPU.Build.0 = Debug|Any CPU
		{42AA903F-E5BF-4BAB-AC10-6B4B8F57B097}.Release|Any CPU.ActiveCfg = Release|Any CPU
		{42AA903F-E5BF-4BAB-AC10-6B4B8F57B097}.Release|Any CPU.Build.0 = Release|Any CPU
		{526174B7-2FF6-4FBC-B304-1911BD70BBB8}.Debug|Any CPU.ActiveCfg = Debug|Any CPU
		{526174B7-2FF6-4FBC-B304-1911BD70BBB8}.Debug|Any CPU.Build.0 = Debug|Any CPU
		{526174B7-2FF6-4FBC-B304-1911BD70BBB8}.Release|Any CPU.ActiveCfg = Release|Any CPU
		{526174B7-2FF6-4FBC-B304-1911BD70BBB8}.Release|Any CPU.Build.0 = Release|Any CPU
		{26CA3D6F-4936-4B74-AB70-D36CDE490723}.Debug|Any CPU.ActiveCfg = Debug|Any CPU
		{26CA3D6F-4936-4B74-AB70-D36CDE490723}.Debug|Any CPU.Build.0 = Debug|Any CPU
		{26CA3D6F-4936-4B74-AB70-D36CDE490723}.Release|Any CPU.ActiveCfg = Release|Any CPU
		{26CA3D6F-4936-4B74-AB70-D36CDE490723}.Release|Any CPU.Build.0 = Release|Any CPU
		{434853E1-9C7D-4263-861F-6A954827D8B4}.Debug|Any CPU.ActiveCfg = Debug|Any CPU
		{434853E1-9C7D-4263-861F-6A954827D8B4}.Debug|Any CPU.Build.0 = Debug|Any CPU
		{434853E1-9C7D-4263-861F-6A954827D8B4}.Release|Any CPU.ActiveCfg = Release|Any CPU
		{434853E1-9C7D-4263-861F-6A954827D8B4}.Release|Any CPU.Build.0 = Release|Any CPU
		{939F3F8D-E7FD-488D-B479-EB13EA234A6B}.Debug|Any CPU.ActiveCfg = Debug|Any CPU
		{939F3F8D-E7FD-488D-B479-EB13EA234A6B}.Debug|Any CPU.Build.0 = Debug|Any CPU
		{939F3F8D-E7FD-488D-B479-EB13EA234A6B}.Release|Any CPU.ActiveCfg = Release|Any CPU
		{939F3F8D-E7FD-488D-B479-EB13EA234A6B}.Release|Any CPU.Build.0 = Release|Any CPU
		{D36C1C8E-5C2F-45EE-8D20-32CC31FF3B52}.Debug|Any CPU.ActiveCfg = Debug|Any CPU
		{D36C1C8E-5C2F-45EE-8D20-32CC31FF3B52}.Debug|Any CPU.Build.0 = Debug|Any CPU
		{D36C1C8E-5C2F-45EE-8D20-32CC31FF3B52}.Release|Any CPU.ActiveCfg = Release|Any CPU
		{D36C1C8E-5C2F-45EE-8D20-32CC31FF3B52}.Release|Any CPU.Build.0 = Release|Any CPU
		{6006857B-FD23-4240-831B-334BE111FBE6}.Debug|Any CPU.ActiveCfg = Debug|Any CPU
		{6006857B-FD23-4240-831B-334BE111FBE6}.Debug|Any CPU.Build.0 = Debug|Any CPU
		{6006857B-FD23-4240-831B-334BE111FBE6}.Release|Any CPU.ActiveCfg = Release|Any CPU
		{6006857B-FD23-4240-831B-334BE111FBE6}.Release|Any CPU.Build.0 = Release|Any CPU
		{1BFD6194-C93A-4204-A047-8172B567D3EA}.Debug|Any CPU.ActiveCfg = Debug|Any CPU
		{1BFD6194-C93A-4204-A047-8172B567D3EA}.Debug|Any CPU.Build.0 = Debug|Any CPU
		{1BFD6194-C93A-4204-A047-8172B567D3EA}.Release|Any CPU.ActiveCfg = Release|Any CPU
		{1BFD6194-C93A-4204-A047-8172B567D3EA}.Release|Any CPU.Build.0 = Release|Any CPU
		{5ADFB447-EB4D-43C8-964A-8B30F7AFF052}.Debug|Any CPU.ActiveCfg = Debug|Any CPU
		{5ADFB447-EB4D-43C8-964A-8B30F7AFF052}.Debug|Any CPU.Build.0 = Debug|Any CPU
		{5ADFB447-EB4D-43C8-964A-8B30F7AFF052}.Release|Any CPU.ActiveCfg = Release|Any CPU
		{5ADFB447-EB4D-43C8-964A-8B30F7AFF052}.Release|Any CPU.Build.0 = Release|Any CPU
		{D04CB334-40D9-4A68-B5E1-597EEAA931D0}.Debug|Any CPU.ActiveCfg = Debug|Any CPU
		{D04CB334-40D9-4A68-B5E1-597EEAA931D0}.Debug|Any CPU.Build.0 = Debug|Any CPU
		{D04CB334-40D9-4A68-B5E1-597EEAA931D0}.Release|Any CPU.ActiveCfg = Release|Any CPU
		{D04CB334-40D9-4A68-B5E1-597EEAA931D0}.Release|Any CPU.Build.0 = Release|Any CPU
		{C6283873-705C-4019-B441-D73796F2B1DA}.Debug|Any CPU.ActiveCfg = Debug|Any CPU
		{C6283873-705C-4019-B441-D73796F2B1DA}.Debug|Any CPU.Build.0 = Debug|Any CPU
		{C6283873-705C-4019-B441-D73796F2B1DA}.Release|Any CPU.ActiveCfg = Release|Any CPU
		{C6283873-705C-4019-B441-D73796F2B1DA}.Release|Any CPU.Build.0 = Release|Any CPU
		{6BB8B03E-46E8-4D59-AB56-4AF6D028525E}.Debug|Any CPU.ActiveCfg = Debug|Any CPU
		{6BB8B03E-46E8-4D59-AB56-4AF6D028525E}.Debug|Any CPU.Build.0 = Debug|Any CPU
		{6BB8B03E-46E8-4D59-AB56-4AF6D028525E}.Release|Any CPU.ActiveCfg = Release|Any CPU
		{6BB8B03E-46E8-4D59-AB56-4AF6D028525E}.Release|Any CPU.Build.0 = Release|Any CPU
		{5ABA05D1-D521-4FF0-BE78-7B70D5D56DE0}.Debug|Any CPU.ActiveCfg = Debug|Any CPU
		{5ABA05D1-D521-4FF0-BE78-7B70D5D56DE0}.Debug|Any CPU.Build.0 = Debug|Any CPU
		{5ABA05D1-D521-4FF0-BE78-7B70D5D56DE0}.Release|Any CPU.ActiveCfg = Release|Any CPU
		{5ABA05D1-D521-4FF0-BE78-7B70D5D56DE0}.Release|Any CPU.Build.0 = Release|Any CPU
		{1ED411B0-2D3F-4203-B009-7BF72CCC013A}.Debug|Any CPU.ActiveCfg = Debug|Any CPU
		{1ED411B0-2D3F-4203-B009-7BF72CCC013A}.Debug|Any CPU.Build.0 = Debug|Any CPU
		{1ED411B0-2D3F-4203-B009-7BF72CCC013A}.Release|Any CPU.ActiveCfg = Release|Any CPU
		{1ED411B0-2D3F-4203-B009-7BF72CCC013A}.Release|Any CPU.Build.0 = Release|Any CPU
		{DAC5500C-6202-4788-8406-11479E481DF1}.Debug|Any CPU.ActiveCfg = Debug|Any CPU
		{DAC5500C-6202-4788-8406-11479E481DF1}.Debug|Any CPU.Build.0 = Debug|Any CPU
		{DAC5500C-6202-4788-8406-11479E481DF1}.Release|Any CPU.ActiveCfg = Release|Any CPU
		{DAC5500C-6202-4788-8406-11479E481DF1}.Release|Any CPU.Build.0 = Release|Any CPU
	EndGlobalSection
	GlobalSection(SolutionProperties) = preSolution
		HideSolutionNode = FALSE
	EndGlobalSection
	GlobalSection(NestedProjects) = preSolution
		{939F3F8D-E7FD-488D-B479-EB13EA234A6B} = {D9034032-DEAE-45CC-B7C4-AB02FA39D11B}
		{D36C1C8E-5C2F-45EE-8D20-32CC31FF3B52} = {D9034032-DEAE-45CC-B7C4-AB02FA39D11B}
		{6006857B-FD23-4240-831B-334BE111FBE6} = {D9034032-DEAE-45CC-B7C4-AB02FA39D11B}
		{1BFD6194-C93A-4204-A047-8172B567D3EA} = {D9034032-DEAE-45CC-B7C4-AB02FA39D11B}
		{5ADFB447-EB4D-43C8-964A-8B30F7AFF052} = {D9034032-DEAE-45CC-B7C4-AB02FA39D11B}
		{D04CB334-40D9-4A68-B5E1-597EEAA931D0} = {D9034032-DEAE-45CC-B7C4-AB02FA39D11B}
		{C6283873-705C-4019-B441-D73796F2B1DA} = {D9034032-DEAE-45CC-B7C4-AB02FA39D11B}
		{6BB8B03E-46E8-4D59-AB56-4AF6D028525E} = {D9034032-DEAE-45CC-B7C4-AB02FA39D11B}
		{5ABA05D1-D521-4FF0-BE78-7B70D5D56DE0} = {D9034032-DEAE-45CC-B7C4-AB02FA39D11B}
		{1ED411B0-2D3F-4203-B009-7BF72CCC013A} = {D9034032-DEAE-45CC-B7C4-AB02FA39D11B}
	EndGlobalSection
	GlobalSection(ExtensibilityGlobals) = postSolution
		SolutionGuid = {41EE1B0F-6554-4DC4-B731-9378C65DC44F}
	EndGlobalSection
EndGlobal
